
Microsoft Visual Studio Solution File, Format Version 12.00
# Visual Studio Version 16
VisualStudioVersion = 16.0.29728.190
MinimumVisualStudioVersion = 10.0.40219.1
Project("{8BC9CEB8-8B4A-11D0-8D11-00A0C91BC942}") = "laba26", "laba26\laba26.vcxproj", "{EB629ED7-8B10-41EC-ACF7-63F7D26873E6}"
EndProject
Global
	GlobalSection(SolutionConfigurationPlatforms) = preSolution
		Debug|x64 = Debug|x64
		Debug|x86 = Debug|x86
		Release|x64 = Release|x64
		Release|x86 = Release|x86
	EndGlobalSection
	GlobalSection(ProjectConfigurationPlatforms) = postSolution
		{EB629ED7-8B10-41EC-ACF7-63F7D26873E6}.Debug|x64.ActiveCfg = Debug|x64
		{EB629ED7-8B10-41EC-ACF7-63F7D26873E6}.Debug|x64.Build.0 = Debug|x64
		{EB629ED7-8B10-41EC-ACF7-63F7D26873E6}.Debug|x86.ActiveCfg = Debug|Win32
		{EB629ED7-8B10-41EC-ACF7-63F7D26873E6}.Debug|x86.Build.0 = Debug|Win32
		{EB629ED7-8B10-41EC-ACF7-63F7D26873E6}.Release|x64.ActiveCfg = Release|x64
		{EB629ED7-8B10-41EC-ACF7-63F7D26873E6}.Release|x64.Build.0 = Release|x64
		{EB629ED7-8B10-41EC-ACF7-63F7D26873E6}.Release|x86.ActiveCfg = Release|Win32
		{EB629ED7-8B10-41EC-ACF7-63F7D26873E6}.Release|x86.Build.0 = Release|Win32
	EndGlobalSection
	GlobalSection(SolutionProperties) = preSolution
		HideSolutionNode = FALSE
	EndGlobalSection
	GlobalSection(ExtensibilityGlobals) = postSolution
		SolutionGuid = {F683A146-A85A-4210-AF46-19D0C82E5C07}
	EndGlobalSection
EndGlobal
